<Solution>
  <Folder Name="/src/">
    <Project Path="src/ExcelReader.Core/ExcelReader.Core.csproj" />
  </Folder>
  <Folder Name="/tests/">
    <Project Path="tests/ExcelReader.Tests/ExcelReader.Tests.csproj" />
    <Project Path="tests/ExcelReader.Benchmarks/ExcelReader.Benchmarks.csproj" />
  </Folder>
</Solution>
